
Microsoft Visual Studio Solution File, Format Version 12.00
# Visual Studio 15
VisualStudioVersion = 15.0.28307.1145
MinimumVisualStudioVersion = 10.0.40219.1
Project("{FAE04EC0-301F-11D3-BF4B-00C04F79EFBC}") = "CarShop", "CarShop\CarShop.csproj", "{62F483EA-5352-4516-8E63-6AA3D986286F}"
EndProject
Global
	GlobalSection(SolutionConfigurationPlatforms) = preSolution
		Debug|Any CPU = Debug|Any CPU
		Release|Any CPU = Release|Any CPU
	EndGlobalSection
	GlobalSection(ProjectConfigurationPlatforms) = postSolution
		{62F483EA-5352-4516-8E63-6AA3D986286F}.Debug|Any CPU.ActiveCfg = Debug|Any CPU
		{62F483EA-5352-4516-8E63-6AA3D986286F}.Debug|Any CPU.Build.0 = Debug|Any CPU
		{62F483EA-5352-4516-8E63-6AA3D986286F}.Release|Any CPU.ActiveCfg = Release|Any CPU
		{62F483EA-5352-4516-8E63-6AA3D986286F}.Release|Any CPU.Build.0 = Release|Any CPU
	EndGlobalSection
	GlobalSection(SolutionProperties) = preSolution
		HideSolutionNode = FALSE
	EndGlobalSection
	GlobalSection(ExtensibilityGlobals) = postSolution
		SolutionGuid = {D9299E25-3FD9-41D6-A751-C9682C314391}
	EndGlobalSection
EndGlobal
